
Microsoft Visual Studio Solution File, Format Version 12.00
Project("{FAE04EC0-301F-11D3-BF4B-00C04F79EFBC}") = "ExampleLambdaWebApi", "ExampleLambdaWebApi\src\ExampleLambdaWebApi\ExampleLambdaWebApi.csproj", "{F51C32E8-E16B-48DE-BCDB-E254B3707537}"
EndProject
Global
	GlobalSection(SolutionConfigurationPlatforms) = preSolution
		Debug|Any CPU = Debug|Any CPU
		Release|Any CPU = Release|Any CPU
	EndGlobalSection
	GlobalSection(ProjectConfigurationPlatforms) = postSolution
		{F51C32E8-E16B-48DE-BCDB-E254B3707537}.Debug|Any CPU.ActiveCfg = Debug|Any CPU
		{F51C32E8-E16B-48DE-BCDB-E254B3707537}.Debug|Any CPU.Build.0 = Debug|Any CPU
		{F51C32E8-E16B-48DE-BCDB-E254B3707537}.Release|Any CPU.ActiveCfg = Release|Any CPU
		{F51C32E8-E16B-48DE-BCDB-E254B3707537}.Release|Any CPU.Build.0 = Release|Any CPU
	EndGlobalSection
EndGlobal
